
Microsoft Visual Studio Solution File, Format Version 12.00
# Visual Studio Version 17
VisualStudioVersion = 17.0.31903.59
MinimumVisualStudioVersion = 10.0.40219.1
Project("{2150E333-8FDC-42A3-9474-1A3956D46DE8}") = "src", "src", "{827E0CD3-B72D-47B6-A68D-7590B98EB39B}"
	ProjectSection(SolutionItems) = preProject
		src\docker-compose.yml = src\docker-compose.yml
	EndProjectSection
EndProject
Project("{FAE04EC0-301F-11D3-BF4B-00C04F79EFBC}") = "NotificationService", "src\NotificationService\NotificationService.csproj", "{B5A19A48-FFCB-4474-B52F-1D2D7F5E236C}"
EndProject
Project("{2150E333-8FDC-42A3-9474-1A3956D46DE8}") = "tests", "tests", "{0AB3BF05-4346-4AA6-1389-037BE0695223}"
EndProject
Project("{FAE04EC0-301F-11D3-BF4B-00C04F79EFBC}") = "NotificationService.Tests", "tests\NotificationService.Tests\NotificationService.Tests.csproj", "{2245251B-4EA7-4FD6-980B-7FE768CF8469}"
EndProject
Project("{FAE04EC0-301F-11D3-BF4B-00C04F79EFBC}") = "OrderService", "src\OrderService\OrderService.csproj", "{DF37D038-C89B-45AE-870B-CDC60F820A61}"
EndProject
Project("{FAE04EC0-301F-11D3-BF4B-00C04F79EFBC}") = "InventoryService", "src\InventoryService\InventoryService.csproj", "{68812CDE-B874-47D1-B231-EADE55F0168D}"
EndProject
Project("{FAE04EC0-301F-11D3-BF4B-00C04F79EFBC}") = "ProductService", "src\ProductService\ProductService.csproj", "{E2AAD438-A4A1-415A-BC37-11D28E94B04C}"
EndProject
Project("{FAE04EC0-301F-11D3-BF4B-00C04F79EFBC}") = "Ecommerce.Shared", "src\Ecommerce.Shared\Ecommerce.Shared.csproj", "{094E5061-C89C-4466-9DA1-DAF03DD7FCB1}"
EndProject
Global
	GlobalSection(SolutionConfigurationPlatforms) = preSolution
		Debug|Any CPU = Debug|Any CPU
		Debug|x64 = Debug|x64
		Debug|x86 = Debug|x86
		Release|Any CPU = Release|Any CPU
		Release|x64 = Release|x64
		Release|x86 = Release|x86
	EndGlobalSection
	GlobalSection(ProjectConfigurationPlatforms) = postSolution
		{B5A19A48-FFCB-4474-B52F-1D2D7F5E236C}.Debug|Any CPU.ActiveCfg = Debug|Any CPU
		{B5A19A48-FFCB-4474-B52F-1D2D7F5E236C}.Debug|Any CPU.Build.0 = Debug|Any CPU
		{B5A19A48-FFCB-4474-B52F-1D2D7F5E236C}.Debug|x64.ActiveCfg = Debug|Any CPU
		{B5A19A48-FFCB-4474-B52F-1D2D7F5E236C}.Debug|x64.Build.0 = Debug|Any CPU
		{B5A19A48-FFCB-4474-B52F-1D2D7F5E236C}.Debug|x86.ActiveCfg = Debug|Any CPU
		{B5A19A48-FFCB-4474-B52F-1D2D7F5E236C}.Debug|x86.Build.0 = Debug|Any CPU
		{B5A19A48-FFCB-4474-B52F-1D2D7F5E236C}.Release|Any CPU.ActiveCfg = Release|Any CPU
		{B5A19A48-FFCB-4474-B52F-1D2D7F5E236C}.Release|Any CPU.Build.0 = Release|Any CPU
		{B5A19A48-FFCB-4474-B52F-1D2D7F5E236C}.Release|x64.ActiveCfg = Release|Any CPU
		{B5A19A48-FFCB-4474-B52F-1D2D7F5E236C}.Release|x64.Build.0 = Release|Any CPU
		{B5A19A48-FFCB-4474-B52F-1D2D7F5E236C}.Release|x86.ActiveCfg = Release|Any CPU
		{B5A19A48-FFCB-4474-B52F-1D2D7F5E236C}.Release|x86.Build.0 = Release|Any CPU
		{2245251B-4EA7-4FD6-980B-7FE768CF8469}.Debug|Any CPU.ActiveCfg = Debug|Any CPU
		{2245251B-4EA7-4FD6-980B-7FE768CF8469}.Debug|Any CPU.Build.0 = Debug|Any CPU
		{2245251B-4EA7-4FD6-980B-7FE768CF8469}.Debug|x64.ActiveCfg = Debug|Any CPU
		{2245251B-4EA7-4FD6-980B-7FE768CF8469}.Debug|x64.Build.0 = Debug|Any CPU
		{2245251B-4EA7-4FD6-980B-7FE768CF8469}.Debug|x86.ActiveCfg = Debug|Any CPU
		{2245251B-4EA7-4FD6-980B-7FE768CF8469}.Debug|x86.Build.0 = Debug|Any CPU
		{2245251B-4EA7-4FD6-980B-7FE768CF8469}.Release|Any CPU.ActiveCfg = Release|Any CPU
		{2245251B-4EA7-4FD6-980B-7FE768CF8469}.Release|Any CPU.Build.0 = Release|Any CPU
		{2245251B-4EA7-4FD6-980B-7FE768CF8469}.Release|x64.ActiveCfg = Release|Any CPU
		{2245251B-4EA7-4FD6-980B-7FE768CF8469}.Release|x64.Build.0 = Release|Any CPU
		{2245251B-4EA7-4FD6-980B-7FE768CF8469}.Release|x86.ActiveCfg = Release|Any CPU
		{2245251B-4EA7-4FD6-980B-7FE768CF8469}.Release|x86.Build.0 = Release|Any CPU
		{DF37D038-C89B-45AE-870B-CDC60F820A61}.Debug|Any CPU.ActiveCfg = Debug|Any CPU
		{DF37D038-C89B-45AE-870B-CDC60F820A61}.Debug|Any CPU.Build.0 = Debug|Any CPU
		{DF37D038-C89B-45AE-870B-CDC60F820A61}.Debug|x64.ActiveCfg = Debug|Any CPU
		{DF37D038-C89B-45AE-870B-CDC60F820A61}.Debug|x64.Build.0 = Debug|Any CPU
		{DF37D038-C89B-45AE-870B-CDC60F820A61}.Debug|x86.ActiveCfg = Debug|Any CPU
		{DF37D038-C89B-45AE-870B-CDC60F820A61}.Debug|x86.Build.0 = Debug|Any CPU
		{DF37D038-C89B-45AE-870B-CDC60F820A61}.Release|Any CPU.ActiveCfg = Release|Any CPU
		{DF37D038-C89B-45AE-870B-CDC60F820A61}.Release|Any CPU.Build.0 = Release|Any CPU
		{DF37D038-C89B-45AE-870B-CDC60F820A61}.Release|x64.ActiveCfg = Release|Any CPU
		{DF37D038-C89B-45AE-870B-CDC60F820A61}.Release|x64.Build.0 = Release|Any CPU
		{DF37D038-C89B-45AE-870B-CDC60F820A61}.Release|x86.ActiveCfg = Release|Any CPU
		{DF37D038-C89B-45AE-870B-CDC60F820A61}.Release|x86.Build.0 = Release|Any CPU
		{68812CDE-B874-47D1-B231-EADE55F0168D}.Debug|Any CPU.ActiveCfg = Debug|Any CPU
		{68812CDE-B874-47D1-B231-EADE55F0168D}.Debug|Any CPU.Build.0 = Debug|Any CPU
		{68812CDE-B874-47D1-B231-EADE55F0168D}.Debug|x64.ActiveCfg = Debug|Any CPU
		{68812CDE-B874-47D1-B231-EADE55F0168D}.Debug|x64.Build.0 = Debug|Any CPU
		{68812CDE-B874-47D1-B231-EADE55F0168D}.Debug|x86.ActiveCfg = Debug|Any CPU
		{68812CDE-B874-47D1-B231-EADE55F0168D}.Debug|x86.Build.0 = Debug|Any CPU
		{68812CDE-B874-47D1-B231-EADE55F0168D}.Release|Any CPU.ActiveCfg = Release|Any CPU
		{68812CDE-B874-47D1-B231-EADE55F0168D}.Release|Any CPU.Build.0 = Release|Any CPU
		{68812CDE-B874-47D1-B231-EADE55F0168D}.Release|x64.ActiveCfg = Release|Any CPU
		{68812CDE-B874-47D1-B231-EADE55F0168D}.Release|x64.Build.0 = Release|Any CPU
		{68812CDE-B874-47D1-B231-EADE55F0168D}.Release|x86.ActiveCfg = Release|Any CPU
		{68812CDE-B874-47D1-B231-EADE55F0168D}.Release|x86.Build.0 = Release|Any CPU
		{E2AAD438-A4A1-415A-BC37-11D28E94B04C}.Debug|Any CPU.ActiveCfg = Debug|Any CPU
		{E2AAD438-A4A1-415A-BC37-11D28E94B04C}.Debug|Any CPU.Build.0 = Debug|Any CPU
		{E2AAD438-A4A1-415A-BC37-11D28E94B04C}.Debug|x64.ActiveCfg = Debug|Any CPU
		{E2AAD438-A4A1-415A-BC37-11D28E94B04C}.Debug|x64.Build.0 = Debug|Any CPU
		{E2AAD438-A4A1-415A-BC37-11D28E94B04C}.Debug|x86.ActiveCfg = Debug|Any CPU
		{E2AAD438-A4A1-415A-BC37-11D28E94B04C}.Debug|x86.Build.0 = Debug|Any CPU
		{E2AAD438-A4A1-415A-BC37-11D28E94B04C}.Release|Any CPU.ActiveCfg = Release|Any CPU
		{E2AAD438-A4A1-415A-BC37-11D28E94B04C}.Release|Any CPU.Build.0 = Release|Any CPU
		{E2AAD438-A4A1-415A-BC37-11D28E94B04C}.Release|x64.ActiveCfg = Release|Any CPU
		{E2AAD438-A4A1-415A-BC37-11D28E94B04C}.Release|x64.Build.0 = Release|Any CPU
		{E2AAD438-A4A1-415A-BC37-11D28E94B04C}.Release|x86.ActiveCfg = Release|Any CPU
		{E2AAD438-A4A1-415A-BC37-11D28E94B04C}.Release|x86.Build.0 = Release|Any CPU
		{094E5061-C89C-4466-9DA1-DAF03DD7FCB1}.Debug|Any CPU.ActiveCfg = Debug|Any CPU
		{094E5061-C89C-4466-9DA1-DAF03DD7FCB1}.Debug|Any CPU.Build.0 = Debug|Any CPU
		{094E5061-C89C-4466-9DA1-DAF03DD7FCB1}.Debug|x64.ActiveCfg = Debug|Any CPU
		{094E5061-C89C-4466-9DA1-DAF03DD7FCB1}.Debug|x64.Build.0 = Debug|Any CPU
		{094E5061-C89C-4466-9DA1-DAF03DD7FCB1}.Debug|x86.ActiveCfg = Debug|Any CPU
		{094E5061-C89C-4466-9DA1-DAF03DD7FCB1}.Debug|x86.Build.0 = Debug|Any CPU
		{094E5061-C89C-4466-9DA1-DAF03DD7FCB1}.Release|Any CPU.ActiveCfg = Release|Any CPU
		{094E5061-C89C-4466-9DA1-DAF03DD7FCB1}.Release|Any CPU.Build.0 = Release|Any CPU
		{094E5061-C89C-4466-9DA1-DAF03DD7FCB1}.Release|x64.ActiveCfg = Release|Any CPU
		{094E5061-C89C-4466-9DA1-DAF03DD7FCB1}.Release|x64.Build.0 = Release|Any CPU
		{094E5061-C89C-4466-9DA1-DAF03DD7FCB1}.Release|x86.ActiveCfg = Release|Any CPU
		{094E5061-C89C-4466-9DA1-DAF03DD7FCB1}.Release|x86.Build.0 = Release|Any CPU
	EndGlobalSection
	GlobalSection(SolutionProperties) = preSolution
		HideSolutionNode = FALSE
	EndGlobalSection
	GlobalSection(NestedProjects) = preSolution
		{B5A19A48-FFCB-4474-B52F-1D2D7F5E236C} = {827E0CD3-B72D-47B6-A68D-7590B98EB39B}
		{2245251B-4EA7-4FD6-980B-7FE768CF8469} = {0AB3BF05-4346-4AA6-1389-037BE0695223}
		{DF37D038-C89B-45AE-870B-CDC60F820A61} = {827E0CD3-B72D-47B6-A68D-7590B98EB39B}
		{68812CDE-B874-47D1-B231-EADE55F0168D} = {827E0CD3-B72D-47B6-A68D-7590B98EB39B}
		{E2AAD438-A4A1-415A-BC37-11D28E94B04C} = {827E0CD3-B72D-47B6-A68D-7590B98EB39B}
		{094E5061-C89C-4466-9DA1-DAF03DD7FCB1} = {827E0CD3-B72D-47B6-A68D-7590B98EB39B}
	EndGlobalSection
EndGlobal
